PODS:
  - AdFitSDK (3.11.1)
  - Flutter (1.0.0)
  - flutter_adfit (0.0.2):
    - AdFitSDK (~> 3.11.1)
    - Flutter

DEPENDENCIES:
  - Flutter (from `Flutter`)
  - flutter_adfit (from `.symlinks/plugins/flutter_adfit/ios`)

SPEC REPOS:
  trunk:
    - AdFitSDK

EXTERNAL SOURCES:
  Flutter:
    :path: Flutter
  flutter_adfit:
    :path: ".symlinks/plugins/flutter_adfit/ios"

SPEC CHECKSUMS:
  AdFitSDK: f72fbf79e63bf4f28f9f5dbbbd4fe8ec3c9bcaae
  Flutter: 50d75fe2f02b26cc09d224853bb45737f8b3214a
  flutter_adfit: ee9e3e638fcceafdc4f324f0463d43a854c5811f

PODFILE CHECKSUM: 5abfbef0f555f3a8380a8b15ea6a2f9a8c7557de

COCOAPODS: 1.11.0
